
Microsoft Visual Studio Solution File, Format Version 12.00
# Visual Studio Version 17
VisualStudioVersion = 17.7.34031.279
MinimumVisualStudioVersion = 10.0.40219.1
Project("{FAE04EC0-301F-11D3-BF4B-00C04F79EFBC}") = "WpfApp5", "WpfApp5\WpfApp5.csproj", "{EDFC22C4-1256-474D-82F0-55D204F1CF36}"
EndProject
Global
	GlobalSection(SolutionConfigurationPlatforms) = preSolution
		Debug|Any CPU = Debug|Any CPU
		Release|Any CPU = Release|Any CPU
	EndGlobalSection
	GlobalSection(ProjectConfigurationPlatforms) = postSolution
		{EDFC22C4-1256-474D-82F0-55D204F1CF36}.Debug|Any CPU.ActiveCfg = Debug|Any CPU
		{EDFC22C4-1256-474D-82F0-55D204F1CF36}.Debug|Any CPU.Build.0 = Debug|Any CPU
		{EDFC22C4-1256-474D-82F0-55D204F1CF36}.Release|Any CPU.ActiveCfg = Release|Any CPU
		{EDFC22C4-1256-474D-82F0-55D204F1CF36}.Release|Any CPU.Build.0 = Release|Any CPU
	EndGlobalSection
	GlobalSection(SolutionProperties) = preSolution
		HideSolutionNode = FALSE
	EndGlobalSection
	GlobalSection(ExtensibilityGlobals) = postSolution
		SolutionGuid = {2CB18835-7FD3-4C74-818E-7654513DE8A2}
	EndGlobalSection
EndGlobal
